
Microsoft Visual Studio Solution File, Format Version 12.00
# Visual Studio 2013
VisualStudioVersion = 12.0.21005.1
MinimumVisualStudioVersion = 10.0.40219.1
Project("{FAE04EC0-301F-11D3-BF4B-00C04F79EFBC}") = "Nancy", "Nancy\Nancy.csproj", "{E9D553A5-9AE1-42ED-A7AD-00DB2670589D}"
EndProject
Project("{FAE04EC0-301F-11D3-BF4B-00C04F79EFBC}") = "CSharp Sandbox", "CSharp Sandbox\CSharp Sandbox.csproj", "{805E2FC7-6FB0-40FB-AA84-EFC0708C73EA}"
EndProject
Project("{FAE04EC0-301F-11D3-BF4B-00C04F79EFBC}") = "EntityFramework", "EntityFramework\EntityFramework.csproj", "{14FC78D3-26BC-439B-87E3-D28780F8FEFA}"
EndProject
Project("{FAE04EC0-301F-11D3-BF4B-00C04F79EFBC}") = "Asp", "Asp\Asp.csproj", "{DFABEA32-F02C-4569-96FF-77C654410142}"
EndProject
Project("{FAE04EC0-301F-11D3-BF4B-00C04F79EFBC}") = "CastleWindsor", "CastleWindsor\CastleWindsor.csproj", "{F208B648-6BEF-41C5-8E61-BA2E0E3296A7}"
EndProject
Project("{FAE04EC0-301F-11D3-BF4B-00C04F79EFBC}") = "WebAPI", "WebAPI\WebAPI.csproj", "{C588566F-957E-45C0-B73E-8DA752317929}"
EndProject
Project("{F184B08F-C81C-45F6-A57F-5ABD9991F28F}") = "PowerShell Sandbox", "PowerShell Sandbox\PowerShell Sandbox.vbproj", "{10DD03D6-24CA-4146-B3A8-D27CA04F4A64}"
EndProject
Project("{FAE04EC0-301F-11D3-BF4B-00C04F79EFBC}") = "AccessApp", "Access\AccessApp.sln", "{BEE1CDDF-079F-4A60-8566-EBB87002EF9E}"
EndProject
Global
	GlobalSection(SolutionConfigurationPlatforms) = preSolution
		Debug|Any CPU = Debug|Any CPU
		Debug|Mixed Platforms = Debug|Mixed Platforms
		Debug|Win32 = Debug|Win32
		Release|Any CPU = Release|Any CPU
		Release|Mixed Platforms = Release|Mixed Platforms
		Release|Win32 = Release|Win32
	EndGlobalSection
	GlobalSection(ProjectConfigurationPlatforms) = postSolution
		{E9D553A5-9AE1-42ED-A7AD-00DB2670589D}.Debug|Any CPU.ActiveCfg = Debug|Any CPU
		{E9D553A5-9AE1-42ED-A7AD-00DB2670589D}.Debug|Any CPU.Build.0 = Debug|Any CPU
		{E9D553A5-9AE1-42ED-A7AD-00DB2670589D}.Debug|Mixed Platforms.ActiveCfg = Debug|Any CPU
		{E9D553A5-9AE1-42ED-A7AD-00DB2670589D}.Debug|Mixed Platforms.Build.0 = Debug|Any CPU
		{E9D553A5-9AE1-42ED-A7AD-00DB2670589D}.Debug|Win32.ActiveCfg = Debug|Any CPU
		{E9D553A5-9AE1-42ED-A7AD-00DB2670589D}.Release|Any CPU.ActiveCfg = Release|Any CPU
		{E9D553A5-9AE1-42ED-A7AD-00DB2670589D}.Release|Any CPU.Build.0 = Release|Any CPU
		{E9D553A5-9AE1-42ED-A7AD-00DB2670589D}.Release|Mixed Platforms.ActiveCfg = Release|Any CPU
		{E9D553A5-9AE1-42ED-A7AD-00DB2670589D}.Release|Mixed Platforms.Build.0 = Release|Any CPU
		{E9D553A5-9AE1-42ED-A7AD-00DB2670589D}.Release|Win32.ActiveCfg = Release|Any CPU
		{805E2FC7-6FB0-40FB-AA84-EFC0708C73EA}.Debug|Any CPU.ActiveCfg = Debug|Any CPU
		{805E2FC7-6FB0-40FB-AA84-EFC0708C73EA}.Debug|Any CPU.Build.0 = Debug|Any CPU
		{805E2FC7-6FB0-40FB-AA84-EFC0708C73EA}.Debug|Mixed Platforms.ActiveCfg = Debug|Any CPU
		{805E2FC7-6FB0-40FB-AA84-EFC0708C73EA}.Debug|Mixed Platforms.Build.0 = Debug|Any CPU
		{805E2FC7-6FB0-40FB-AA84-EFC0708C73EA}.Debug|Win32.ActiveCfg = Debug|Any CPU
		{805E2FC7-6FB0-40FB-AA84-EFC0708C73EA}.Release|Any CPU.ActiveCfg = Release|Any CPU
		{805E2FC7-6FB0-40FB-AA84-EFC0708C73EA}.Release|Any CPU.Build.0 = Release|Any CPU
		{805E2FC7-6FB0-40FB-AA84-EFC0708C73EA}.Release|Mixed Platforms.ActiveCfg = Release|Any CPU
		{805E2FC7-6FB0-40FB-AA84-EFC0708C73EA}.Release|Mixed Platforms.Build.0 = Release|Any CPU
		{805E2FC7-6FB0-40FB-AA84-EFC0708C73EA}.Release|Win32.ActiveCfg = Release|Any CPU
		{14FC78D3-26BC-439B-87E3-D28780F8FEFA}.Debug|Any CPU.ActiveCfg = Debug|Any CPU
		{14FC78D3-26BC-439B-87E3-D28780F8FEFA}.Debug|Any CPU.Build.0 = Debug|Any CPU
		{14FC78D3-26BC-439B-87E3-D28780F8FEFA}.Debug|Mixed Platforms.ActiveCfg = Debug|Any CPU
		{14FC78D3-26BC-439B-87E3-D28780F8FEFA}.Debug|Mixed Platforms.Build.0 = Debug|Any CPU
		{14FC78D3-26BC-439B-87E3-D28780F8FEFA}.Debug|Win32.ActiveCfg = Debug|Any CPU
		{14FC78D3-26BC-439B-87E3-D28780F8FEFA}.Release|Any CPU.ActiveCfg = Release|Any CPU
		{14FC78D3-26BC-439B-87E3-D28780F8FEFA}.Release|Any CPU.Build.0 = Release|Any CPU
		{14FC78D3-26BC-439B-87E3-D28780F8FEFA}.Release|Mixed Platforms.ActiveCfg = Release|Any CPU
		{14FC78D3-26BC-439B-87E3-D28780F8FEFA}.Release|Mixed Platforms.Build.0 = Release|Any CPU
		{14FC78D3-26BC-439B-87E3-D28780F8FEFA}.Release|Win32.ActiveCfg = Release|Any CPU
		{DFABEA32-F02C-4569-96FF-77C654410142}.Debug|Any CPU.ActiveCfg = Debug|Any CPU
		{DFABEA32-F02C-4569-96FF-77C654410142}.Debug|Any CPU.Build.0 = Debug|Any CPU
		{DFABEA32-F02C-4569-96FF-77C654410142}.Debug|Mixed Platforms.ActiveCfg = Debug|Any CPU
		{DFABEA32-F02C-4569-96FF-77C654410142}.Debug|Mixed Platforms.Build.0 = Debug|Any CPU
		{DFABEA32-F02C-4569-96FF-77C654410142}.Debug|Win32.ActiveCfg = Debug|Any CPU
		{DFABEA32-F02C-4569-96FF-77C654410142}.Release|Any CPU.ActiveCfg = Release|Any CPU
		{DFABEA32-F02C-4569-96FF-77C654410142}.Release|Any CPU.Build.0 = Release|Any CPU
		{DFABEA32-F02C-4569-96FF-77C654410142}.Release|Mixed Platforms.ActiveCfg = Release|Any CPU
		{DFABEA32-F02C-4569-96FF-77C654410142}.Release|Mixed Platforms.Build.0 = Release|Any CPU
		{DFABEA32-F02C-4569-96FF-77C654410142}.Release|Win32.ActiveCfg = Release|Any CPU
		{F208B648-6BEF-41C5-8E61-BA2E0E3296A7}.Debug|Any CPU.ActiveCfg = Debug|Any CPU
		{F208B648-6BEF-41C5-8E61-BA2E0E3296A7}.Debug|Any CPU.Build.0 = Debug|Any CPU
		{F208B648-6BEF-41C5-8E61-BA2E0E3296A7}.Debug|Mixed Platforms.ActiveCfg = Debug|Any CPU
		{F208B648-6BEF-41C5-8E61-BA2E0E3296A7}.Debug|Mixed Platforms.Build.0 = Debug|Any CPU
		{F208B648-6BEF-41C5-8E61-BA2E0E3296A7}.Debug|Win32.ActiveCfg = Debug|Any CPU
		{F208B648-6BEF-41C5-8E61-BA2E0E3296A7}.Release|Any CPU.ActiveCfg = Release|Any CPU
		{F208B648-6BEF-41C5-8E61-BA2E0E3296A7}.Release|Any CPU.Build.0 = Release|Any CPU
		{F208B648-6BEF-41C5-8E61-BA2E0E3296A7}.Release|Mixed Platforms.ActiveCfg = Release|Any CPU
		{F208B648-6BEF-41C5-8E61-BA2E0E3296A7}.Release|Mixed Platforms.Build.0 = Release|Any CPU
		{F208B648-6BEF-41C5-8E61-BA2E0E3296A7}.Release|Win32.ActiveCfg = Release|Any CPU
		{C588566F-957E-45C0-B73E-8DA752317929}.Debug|Any CPU.ActiveCfg = Debug|Any CPU
		{C588566F-957E-45C0-B73E-8DA752317929}.Debug|Any CPU.Build.0 = Debug|Any CPU
		{C588566F-957E-45C0-B73E-8DA752317929}.Debug|Mixed Platforms.ActiveCfg = Debug|Any CPU
		{C588566F-957E-45C0-B73E-8DA752317929}.Debug|Mixed Platforms.Build.0 = Debug|Any CPU
		{C588566F-957E-45C0-B73E-8DA752317929}.Debug|Win32.ActiveCfg = Debug|Any CPU
		{C588566F-957E-45C0-B73E-8DA752317929}.Release|Any CPU.ActiveCfg = Release|Any CPU
		{C588566F-957E-45C0-B73E-8DA752317929}.Release|Any CPU.Build.0 = Release|Any CPU
		{C588566F-957E-45C0-B73E-8DA752317929}.Release|Mixed Platforms.ActiveCfg = Release|Any CPU
		{C588566F-957E-45C0-B73E-8DA752317929}.Release|Mixed Platforms.Build.0 = Release|Any CPU
		{C588566F-957E-45C0-B73E-8DA752317929}.Release|Win32.ActiveCfg = Release|Any CPU
		{10DD03D6-24CA-4146-B3A8-D27CA04F4A64}.Debug|Any CPU.ActiveCfg = Debug|Any CPU
		{10DD03D6-24CA-4146-B3A8-D27CA04F4A64}.Debug|Any CPU.Build.0 = Debug|Any CPU
		{10DD03D6-24CA-4146-B3A8-D27CA04F4A64}.Debug|Mixed Platforms.ActiveCfg = Debug|Any CPU
		{10DD03D6-24CA-4146-B3A8-D27CA04F4A64}.Debug|Mixed Platforms.Build.0 = Debug|Any CPU
		{10DD03D6-24CA-4146-B3A8-D27CA04F4A64}.Debug|Win32.ActiveCfg = Debug|Any CPU
		{10DD03D6-24CA-4146-B3A8-D27CA04F4A64}.Release|Any CPU.ActiveCfg = Release|Any CPU
		{10DD03D6-24CA-4146-B3A8-D27CA04F4A64}.Release|Any CPU.Build.0 = Release|Any CPU
		{10DD03D6-24CA-4146-B3A8-D27CA04F4A64}.Release|Mixed Platforms.ActiveCfg = Release|Any CPU
		{10DD03D6-24CA-4146-B3A8-D27CA04F4A64}.Release|Mixed Platforms.Build.0 = Release|Any CPU
		{10DD03D6-24CA-4146-B3A8-D27CA04F4A64}.Release|Win32.ActiveCfg = Release|Any CPU
		{BEE1CDDF-079F-4A60-8566-EBB87002EF9E}.Debug|Any CPU.ActiveCfg = Debug|Any CPU
		{BEE1CDDF-079F-4A60-8566-EBB87002EF9E}.Debug|Any CPU.Build.0 = Debug|Any CPU
		{BEE1CDDF-079F-4A60-8566-EBB87002EF9E}.Debug|Mixed Platforms.ActiveCfg = Debug|Mixed Platforms
		{BEE1CDDF-079F-4A60-8566-EBB87002EF9E}.Debug|Mixed Platforms.Build.0 = Debug|Mixed Platforms
		{BEE1CDDF-079F-4A60-8566-EBB87002EF9E}.Debug|Win32.ActiveCfg = Debug|Win32
		{BEE1CDDF-079F-4A60-8566-EBB87002EF9E}.Debug|Win32.Build.0 = Debug|Win32
		{BEE1CDDF-079F-4A60-8566-EBB87002EF9E}.Release|Any CPU.ActiveCfg = Release|Any CPU
		{BEE1CDDF-079F-4A60-8566-EBB87002EF9E}.Release|Any CPU.Build.0 = Release|Any CPU
		{BEE1CDDF-079F-4A60-8566-EBB87002EF9E}.Release|Mixed Platforms.ActiveCfg = Release|Mixed Platforms
		{BEE1CDDF-079F-4A60-8566-EBB87002EF9E}.Release|Mixed Platforms.Build.0 = Release|Mixed Platforms
		{BEE1CDDF-079F-4A60-8566-EBB87002EF9E}.Release|Win32.ActiveCfg = Release|Win32
		{BEE1CDDF-079F-4A60-8566-EBB87002EF9E}.Release|Win32.Build.0 = Release|Win32
	EndGlobalSection
	GlobalSection(SolutionProperties) = preSolution
		HideSolutionNode = FALSE
	EndGlobalSection
	GlobalSection(MonoDevelopProperties) = preSolution
		StartupItem = Nancy\Nancy.csproj
	EndGlobalSection
EndGlobal
