
Microsoft Visual Studio Solution File, Format Version 12.00
# Visual Studio 2013
VisualStudioVersion = 12.0.21005.1
MinimumVisualStudioVersion = 10.0.40219.1
Project("{FAE04EC0-301F-11D3-BF4B-00C04F79EFBC}") = "PowerShell.Sandbox", "PowerShell.Sandbox\PowerShell.Sandbox.csproj", "{47ECADAC-DFC1-4E41-B8E6-BD9B499F525D}"
EndProject
Project("{FAE04EC0-301F-11D3-BF4B-00C04F79EFBC}") = "CS.Sandbox", "CS.Sandbox\CS.Sandbox.csproj", "{615230AE-3B88-4731-9260-69F8527F5326}"
EndProject
Project("{FAE04EC0-301F-11D3-BF4B-00C04F79EFBC}") = "CS.CastleWindsor", "CS.CastleWindsor\CS.CastleWindsor.csproj", "{49C6C45A-D2D2-4BAA-8AF7-08B8F3A88FA8}"
EndProject
Project("{FAE04EC0-301F-11D3-BF4B-00C04F79EFBC}") = "CS.Asp", "CS.Asp\CS.Asp.csproj", "{41D72E9A-1E19-4E15-924C-1BE244743485}"
EndProject
Project("{FAE04EC0-301F-11D3-BF4B-00C04F79EFBC}") = "CS.EntityFramework", "CS.EntityFramework\CS.EntityFramework.csproj", "{D18CCBF0-8E80-4036-A06F-B410077C4165}"
EndProject
Project("{FAE04EC0-301F-11D3-BF4B-00C04F79EFBC}") = "CS.Nancy", "CS.Nancy\CS.Nancy.csproj", "{90A50929-CD56-42D4-9D6C-668208890904}"
EndProject
Project("{FAE04EC0-301F-11D3-BF4B-00C04F79EFBC}") = "CS.WebApi", "CS.WebApi\CS.WebApi.csproj", "{F31F75A6-2572-491C-BE1C-C364DFCA66E9}"
EndProject
Project("{F2A71F9B-5D33-465A-A702-920D77279786}") = "FS.Sandbox", "FS.Sandbox\FS.Sandbox.fsproj", "{6B7DDB56-C47E-479E-ADEC-ACC55057EC95}"
EndProject
Global
	GlobalSection(SolutionConfigurationPlatforms) = preSolution
		Debug|Any CPU = Debug|Any CPU
		Debug|Mixed Platforms = Debug|Mixed Platforms
		Debug|Win32 = Debug|Win32
		Release|Any CPU = Release|Any CPU
		Release|Mixed Platforms = Release|Mixed Platforms
		Release|Win32 = Release|Win32
	EndGlobalSection
	GlobalSection(ProjectConfigurationPlatforms) = postSolution
		{47ECADAC-DFC1-4E41-B8E6-BD9B499F525D}.Debug|Any CPU.ActiveCfg = Debug|Any CPU
		{47ECADAC-DFC1-4E41-B8E6-BD9B499F525D}.Debug|Any CPU.Build.0 = Debug|Any CPU
		{47ECADAC-DFC1-4E41-B8E6-BD9B499F525D}.Debug|Mixed Platforms.ActiveCfg = Debug|Any CPU
		{47ECADAC-DFC1-4E41-B8E6-BD9B499F525D}.Debug|Mixed Platforms.Build.0 = Debug|Any CPU
		{47ECADAC-DFC1-4E41-B8E6-BD9B499F525D}.Debug|Win32.ActiveCfg = Debug|Any CPU
		{47ECADAC-DFC1-4E41-B8E6-BD9B499F525D}.Debug|Win32.Build.0 = Debug|Any CPU
		{47ECADAC-DFC1-4E41-B8E6-BD9B499F525D}.Release|Any CPU.ActiveCfg = Release|Any CPU
		{47ECADAC-DFC1-4E41-B8E6-BD9B499F525D}.Release|Any CPU.Build.0 = Release|Any CPU
		{47ECADAC-DFC1-4E41-B8E6-BD9B499F525D}.Release|Mixed Platforms.ActiveCfg = Release|Any CPU
		{47ECADAC-DFC1-4E41-B8E6-BD9B499F525D}.Release|Mixed Platforms.Build.0 = Release|Any CPU
		{47ECADAC-DFC1-4E41-B8E6-BD9B499F525D}.Release|Win32.ActiveCfg = Release|Any CPU
		{47ECADAC-DFC1-4E41-B8E6-BD9B499F525D}.Release|Win32.Build.0 = Release|Any CPU
		{615230AE-3B88-4731-9260-69F8527F5326}.Debug|Any CPU.ActiveCfg = Debug|Any CPU
		{615230AE-3B88-4731-9260-69F8527F5326}.Debug|Any CPU.Build.0 = Debug|Any CPU
		{615230AE-3B88-4731-9260-69F8527F5326}.Debug|Mixed Platforms.ActiveCfg = Debug|Any CPU
		{615230AE-3B88-4731-9260-69F8527F5326}.Debug|Mixed Platforms.Build.0 = Debug|Any CPU
		{615230AE-3B88-4731-9260-69F8527F5326}.Debug|Win32.ActiveCfg = Debug|Any CPU
		{615230AE-3B88-4731-9260-69F8527F5326}.Debug|Win32.Build.0 = Debug|Any CPU
		{615230AE-3B88-4731-9260-69F8527F5326}.Release|Any CPU.ActiveCfg = Release|Any CPU
		{615230AE-3B88-4731-9260-69F8527F5326}.Release|Any CPU.Build.0 = Release|Any CPU
		{615230AE-3B88-4731-9260-69F8527F5326}.Release|Mixed Platforms.ActiveCfg = Release|Any CPU
		{615230AE-3B88-4731-9260-69F8527F5326}.Release|Mixed Platforms.Build.0 = Release|Any CPU
		{615230AE-3B88-4731-9260-69F8527F5326}.Release|Win32.ActiveCfg = Release|Any CPU
		{615230AE-3B88-4731-9260-69F8527F5326}.Release|Win32.Build.0 = Release|Any CPU
		{49C6C45A-D2D2-4BAA-8AF7-08B8F3A88FA8}.Debug|Any CPU.ActiveCfg = Debug|Any CPU
		{49C6C45A-D2D2-4BAA-8AF7-08B8F3A88FA8}.Debug|Any CPU.Build.0 = Debug|Any CPU
		{49C6C45A-D2D2-4BAA-8AF7-08B8F3A88FA8}.Debug|Mixed Platforms.ActiveCfg = Debug|Any CPU
		{49C6C45A-D2D2-4BAA-8AF7-08B8F3A88FA8}.Debug|Mixed Platforms.Build.0 = Debug|Any CPU
		{49C6C45A-D2D2-4BAA-8AF7-08B8F3A88FA8}.Debug|Win32.ActiveCfg = Debug|Any CPU
		{49C6C45A-D2D2-4BAA-8AF7-08B8F3A88FA8}.Debug|Win32.Build.0 = Debug|Any CPU
		{49C6C45A-D2D2-4BAA-8AF7-08B8F3A88FA8}.Release|Any CPU.ActiveCfg = Release|Any CPU
		{49C6C45A-D2D2-4BAA-8AF7-08B8F3A88FA8}.Release|Any CPU.Build.0 = Release|Any CPU
		{49C6C45A-D2D2-4BAA-8AF7-08B8F3A88FA8}.Release|Mixed Platforms.ActiveCfg = Release|Any CPU
		{49C6C45A-D2D2-4BAA-8AF7-08B8F3A88FA8}.Release|Mixed Platforms.Build.0 = Release|Any CPU
		{49C6C45A-D2D2-4BAA-8AF7-08B8F3A88FA8}.Release|Win32.ActiveCfg = Release|Any CPU
		{49C6C45A-D2D2-4BAA-8AF7-08B8F3A88FA8}.Release|Win32.Build.0 = Release|Any CPU
		{41D72E9A-1E19-4E15-924C-1BE244743485}.Debug|Any CPU.ActiveCfg = Debug|Any CPU
		{41D72E9A-1E19-4E15-924C-1BE244743485}.Debug|Any CPU.Build.0 = Debug|Any CPU
		{41D72E9A-1E19-4E15-924C-1BE244743485}.Debug|Mixed Platforms.ActiveCfg = Debug|Any CPU
		{41D72E9A-1E19-4E15-924C-1BE244743485}.Debug|Mixed Platforms.Build.0 = Debug|Any CPU
		{41D72E9A-1E19-4E15-924C-1BE244743485}.Debug|Win32.ActiveCfg = Debug|Any CPU
		{41D72E9A-1E19-4E15-924C-1BE244743485}.Debug|Win32.Build.0 = Debug|Any CPU
		{41D72E9A-1E19-4E15-924C-1BE244743485}.Release|Any CPU.ActiveCfg = Release|Any CPU
		{41D72E9A-1E19-4E15-924C-1BE244743485}.Release|Any CPU.Build.0 = Release|Any CPU
		{41D72E9A-1E19-4E15-924C-1BE244743485}.Release|Mixed Platforms.ActiveCfg = Release|Any CPU
		{41D72E9A-1E19-4E15-924C-1BE244743485}.Release|Mixed Platforms.Build.0 = Release|Any CPU
		{41D72E9A-1E19-4E15-924C-1BE244743485}.Release|Win32.ActiveCfg = Release|Any CPU
		{41D72E9A-1E19-4E15-924C-1BE244743485}.Release|Win32.Build.0 = Release|Any CPU
		{D18CCBF0-8E80-4036-A06F-B410077C4165}.Debug|Any CPU.ActiveCfg = Debug|Any CPU
		{D18CCBF0-8E80-4036-A06F-B410077C4165}.Debug|Any CPU.Build.0 = Debug|Any CPU
		{D18CCBF0-8E80-4036-A06F-B410077C4165}.Debug|Mixed Platforms.ActiveCfg = Debug|Any CPU
		{D18CCBF0-8E80-4036-A06F-B410077C4165}.Debug|Mixed Platforms.Build.0 = Debug|Any CPU
		{D18CCBF0-8E80-4036-A06F-B410077C4165}.Debug|Win32.ActiveCfg = Debug|Any CPU
		{D18CCBF0-8E80-4036-A06F-B410077C4165}.Debug|Win32.Build.0 = Debug|Any CPU
		{D18CCBF0-8E80-4036-A06F-B410077C4165}.Release|Any CPU.ActiveCfg = Release|Any CPU
		{D18CCBF0-8E80-4036-A06F-B410077C4165}.Release|Any CPU.Build.0 = Release|Any CPU
		{D18CCBF0-8E80-4036-A06F-B410077C4165}.Release|Mixed Platforms.ActiveCfg = Release|Any CPU
		{D18CCBF0-8E80-4036-A06F-B410077C4165}.Release|Mixed Platforms.Build.0 = Release|Any CPU
		{D18CCBF0-8E80-4036-A06F-B410077C4165}.Release|Win32.ActiveCfg = Release|Any CPU
		{D18CCBF0-8E80-4036-A06F-B410077C4165}.Release|Win32.Build.0 = Release|Any CPU
		{90A50929-CD56-42D4-9D6C-668208890904}.Debug|Any CPU.ActiveCfg = Debug|Any CPU
		{90A50929-CD56-42D4-9D6C-668208890904}.Debug|Any CPU.Build.0 = Debug|Any CPU
		{90A50929-CD56-42D4-9D6C-668208890904}.Debug|Mixed Platforms.ActiveCfg = Debug|Any CPU
		{90A50929-CD56-42D4-9D6C-668208890904}.Debug|Mixed Platforms.Build.0 = Debug|Any CPU
		{90A50929-CD56-42D4-9D6C-668208890904}.Debug|Win32.ActiveCfg = Debug|Any CPU
		{90A50929-CD56-42D4-9D6C-668208890904}.Debug|Win32.Build.0 = Debug|Any CPU
		{90A50929-CD56-42D4-9D6C-668208890904}.Release|Any CPU.ActiveCfg = Release|Any CPU
		{90A50929-CD56-42D4-9D6C-668208890904}.Release|Any CPU.Build.0 = Release|Any CPU
		{90A50929-CD56-42D4-9D6C-668208890904}.Release|Mixed Platforms.ActiveCfg = Release|Any CPU
		{90A50929-CD56-42D4-9D6C-668208890904}.Release|Mixed Platforms.Build.0 = Release|Any CPU
		{90A50929-CD56-42D4-9D6C-668208890904}.Release|Win32.ActiveCfg = Release|Any CPU
		{90A50929-CD56-42D4-9D6C-668208890904}.Release|Win32.Build.0 = Release|Any CPU
		{F31F75A6-2572-491C-BE1C-C364DFCA66E9}.Debug|Any CPU.ActiveCfg = Debug|Any CPU
		{F31F75A6-2572-491C-BE1C-C364DFCA66E9}.Debug|Any CPU.Build.0 = Debug|Any CPU
		{F31F75A6-2572-491C-BE1C-C364DFCA66E9}.Debug|Mixed Platforms.ActiveCfg = Debug|Any CPU
		{F31F75A6-2572-491C-BE1C-C364DFCA66E9}.Debug|Mixed Platforms.Build.0 = Debug|Any CPU
		{F31F75A6-2572-491C-BE1C-C364DFCA66E9}.Debug|Win32.ActiveCfg = Debug|Any CPU
		{F31F75A6-2572-491C-BE1C-C364DFCA66E9}.Debug|Win32.Build.0 = Debug|Any CPU
		{F31F75A6-2572-491C-BE1C-C364DFCA66E9}.Release|Any CPU.ActiveCfg = Release|Any CPU
		{F31F75A6-2572-491C-BE1C-C364DFCA66E9}.Release|Any CPU.Build.0 = Release|Any CPU
		{F31F75A6-2572-491C-BE1C-C364DFCA66E9}.Release|Mixed Platforms.ActiveCfg = Release|Any CPU
		{F31F75A6-2572-491C-BE1C-C364DFCA66E9}.Release|Mixed Platforms.Build.0 = Release|Any CPU
		{F31F75A6-2572-491C-BE1C-C364DFCA66E9}.Release|Win32.ActiveCfg = Release|Any CPU
		{F31F75A6-2572-491C-BE1C-C364DFCA66E9}.Release|Win32.Build.0 = Release|Any CPU
		{6B7DDB56-C47E-479E-ADEC-ACC55057EC95}.Debug|Any CPU.ActiveCfg = Debug|Any CPU
		{6B7DDB56-C47E-479E-ADEC-ACC55057EC95}.Debug|Any CPU.Build.0 = Debug|Any CPU
		{6B7DDB56-C47E-479E-ADEC-ACC55057EC95}.Debug|Mixed Platforms.ActiveCfg = Debug|Any CPU
		{6B7DDB56-C47E-479E-ADEC-ACC55057EC95}.Debug|Mixed Platforms.Build.0 = Debug|Any CPU
		{6B7DDB56-C47E-479E-ADEC-ACC55057EC95}.Debug|Win32.ActiveCfg = Debug|Any CPU
		{6B7DDB56-C47E-479E-ADEC-ACC55057EC95}.Debug|Win32.Build.0 = Debug|Any CPU
		{6B7DDB56-C47E-479E-ADEC-ACC55057EC95}.Release|Any CPU.ActiveCfg = Release|Any CPU
		{6B7DDB56-C47E-479E-ADEC-ACC55057EC95}.Release|Any CPU.Build.0 = Release|Any CPU
		{6B7DDB56-C47E-479E-ADEC-ACC55057EC95}.Release|Mixed Platforms.ActiveCfg = Release|Any CPU
		{6B7DDB56-C47E-479E-ADEC-ACC55057EC95}.Release|Mixed Platforms.Build.0 = Release|Any CPU
		{6B7DDB56-C47E-479E-ADEC-ACC55057EC95}.Release|Win32.ActiveCfg = Release|Any CPU
		{6B7DDB56-C47E-479E-ADEC-ACC55057EC95}.Release|Win32.Build.0 = Release|Any CPU
	EndGlobalSection
	GlobalSection(SolutionProperties) = preSolution
		HideSolutionNode = FALSE
	EndGlobalSection
	GlobalSection(MonoDevelopProperties) = preSolution
		StartupItem = Nancy\Nancy.csproj
	EndGlobalSection
EndGlobal
