{"packages":{"logging":{"version":"0.0.0-r.10932","source":"sdk","description":"logging"},"sqljocky":{"version":"0.0.4","source":"hosted","description":"sqljocky"},"unittest":{"version":"0.0.0-r.13679","source":"sdk","description":"unittest"},"options_file":{"version":"0.9.2","source":"hosted","description":"options_file"}}}